
Microsoft Visual Studio Solution File, Format Version 12.00
# Visual Studio Version 16
VisualStudioVersion = 16.0.31005.135
MinimumVisualStudioVersion = 10.0.40219.1
Project("{FAE04EC0-301F-11D3-BF4B-00C04F79EFBC}") = "01-ByteBank", "01-ByteBank\01-ByteBank.csproj", "{501B0EFA-8214-49A0-9F50-E7F117904626}"
EndProject
Project("{2150E333-8FDC-42A3-9474-1A3956D46DE8}") = "Solution Items", "Solution Items", "{4A1ED020-45A5-49FA-9E0A-28FA247263FF}"
EndProject
Project("{FAE04EC0-301F-11D3-BF4B-00C04F79EFBC}") = "02-ByteBank", "..\02-ByteBank\02-ByteBank.csproj", "{E066CC0E-0CB7-4B01-AED5-5843CFF0E889}"
EndProject
Project("{FAE04EC0-301F-11D3-BF4B-00C04F79EFBC}") = "03-ByteBank", "..\03-ByteBank\03-ByteBank.csproj", "{58F5E37F-3EB5-481A-8949-046CCD46FDA4}"
EndProject
Project("{FAE04EC0-301F-11D3-BF4B-00C04F79EFBC}") = "04-Bytebank", "..\04-Bytebank\04-Bytebank.csproj", "{F73F177A-6761-43B0-BCBD-649DF13E869B}"
EndProject
Project("{FAE04EC0-301F-11D3-BF4B-00C04F79EFBC}") = "05-ByteBank", "05-ByteBank\05-ByteBank.csproj", "{CC2F5A06-CE9B-4B8F-B9F6-F460FA8FCF6E}"
EndProject
Project("{FAE04EC0-301F-11D3-BF4B-00C04F79EFBC}") = "06-ByteBank", "..\06-ByteBank\06-ByteBank.csproj", "{ABBFD189-6CF5-4149-AECB-69C3C651E88D}"
EndProject
Project("{FAE04EC0-301F-11D3-BF4B-00C04F79EFBC}") = "07-ByteBank", "..\07-ByteBank\07-ByteBank.csproj", "{559CEBB5-6600-4037-AC69-F367806BA44F}"
EndProject
Global
	GlobalSection(SolutionConfigurationPlatforms) = preSolution
		Debug|Any CPU = Debug|Any CPU
		Release|Any CPU = Release|Any CPU
	EndGlobalSection
	GlobalSection(ProjectConfigurationPlatforms) = postSolution
		{501B0EFA-8214-49A0-9F50-E7F117904626}.Debug|Any CPU.ActiveCfg = Debug|Any CPU
		{501B0EFA-8214-49A0-9F50-E7F117904626}.Debug|Any CPU.Build.0 = Debug|Any CPU
		{501B0EFA-8214-49A0-9F50-E7F117904626}.Release|Any CPU.ActiveCfg = Release|Any CPU
		{501B0EFA-8214-49A0-9F50-E7F117904626}.Release|Any CPU.Build.0 = Release|Any CPU
		{E066CC0E-0CB7-4B01-AED5-5843CFF0E889}.Debug|Any CPU.ActiveCfg = Debug|Any CPU
		{E066CC0E-0CB7-4B01-AED5-5843CFF0E889}.Debug|Any CPU.Build.0 = Debug|Any CPU
		{E066CC0E-0CB7-4B01-AED5-5843CFF0E889}.Release|Any CPU.ActiveCfg = Release|Any CPU
		{E066CC0E-0CB7-4B01-AED5-5843CFF0E889}.Release|Any CPU.Build.0 = Release|Any CPU
		{58F5E37F-3EB5-481A-8949-046CCD46FDA4}.Debug|Any CPU.ActiveCfg = Debug|Any CPU
		{58F5E37F-3EB5-481A-8949-046CCD46FDA4}.Debug|Any CPU.Build.0 = Debug|Any CPU
		{58F5E37F-3EB5-481A-8949-046CCD46FDA4}.Release|Any CPU.ActiveCfg = Release|Any CPU
		{58F5E37F-3EB5-481A-8949-046CCD46FDA4}.Release|Any CPU.Build.0 = Release|Any CPU
		{F73F177A-6761-43B0-BCBD-649DF13E869B}.Debug|Any CPU.ActiveCfg = Debug|Any CPU
		{F73F177A-6761-43B0-BCBD-649DF13E869B}.Debug|Any CPU.Build.0 = Debug|Any CPU
		{F73F177A-6761-43B0-BCBD-649DF13E869B}.Release|Any CPU.ActiveCfg = Release|Any CPU
		{F73F177A-6761-43B0-BCBD-649DF13E869B}.Release|Any CPU.Build.0 = Release|Any CPU
		{CC2F5A06-CE9B-4B8F-B9F6-F460FA8FCF6E}.Debug|Any CPU.ActiveCfg = Debug|Any CPU
		{CC2F5A06-CE9B-4B8F-B9F6-F460FA8FCF6E}.Debug|Any CPU.Build.0 = Debug|Any CPU
		{CC2F5A06-CE9B-4B8F-B9F6-F460FA8FCF6E}.Release|Any CPU.ActiveCfg = Release|Any CPU
		{CC2F5A06-CE9B-4B8F-B9F6-F460FA8FCF6E}.Release|Any CPU.Build.0 = Release|Any CPU
		{ABBFD189-6CF5-4149-AECB-69C3C651E88D}.Debug|Any CPU.ActiveCfg = Debug|Any CPU
		{ABBFD189-6CF5-4149-AECB-69C3C651E88D}.Debug|Any CPU.Build.0 = Debug|Any CPU
		{ABBFD189-6CF5-4149-AECB-69C3C651E88D}.Release|Any CPU.ActiveCfg = Release|Any CPU
		{ABBFD189-6CF5-4149-AECB-69C3C651E88D}.Release|Any CPU.Build.0 = Release|Any CPU
		{559CEBB5-6600-4037-AC69-F367806BA44F}.Debug|Any CPU.ActiveCfg = Debug|Any CPU
		{559CEBB5-6600-4037-AC69-F367806BA44F}.Debug|Any CPU.Build.0 = Debug|Any CPU
		{559CEBB5-6600-4037-AC69-F367806BA44F}.Release|Any CPU.ActiveCfg = Release|Any CPU
		{559CEBB5-6600-4037-AC69-F367806BA44F}.Release|Any CPU.Build.0 = Release|Any CPU
	EndGlobalSection
	GlobalSection(SolutionProperties) = preSolution
		HideSolutionNode = FALSE
	EndGlobalSection
	GlobalSection(ExtensibilityGlobals) = postSolution
		SolutionGuid = {C1C3E217-682B-475D-B64F-954C3C69A6E8}
	EndGlobalSection
EndGlobal
